
Microsoft Visual Studio Solution File, Format Version 12.00
# Visual Studio Version 16
VisualStudioVersion = 16.0.29728.190
MinimumVisualStudioVersion = 10.0.40219.1
Project("{FAE04EC0-301F-11D3-BF4B-00C04F79EFBC}") = "WebApplicationLaunchProfile", "WebApplicationLaunchProfile.csproj", "{F03A58A0-0DF6-49A2-A46A-8CAD71AE36F2}"
EndProject
Global
	GlobalSection(SolutionConfigurationPlatforms) = preSolution
		Debug|Any CPU = Debug|Any CPU
		Release|Any CPU = Release|Any CPU
	EndGlobalSection
	GlobalSection(ProjectConfigurationPlatforms) = postSolution
		{F03A58A0-0DF6-49A2-A46A-8CAD71AE36F2}.Debug|Any CPU.ActiveCfg = Debug|Any CPU
		{F03A58A0-0DF6-49A2-A46A-8CAD71AE36F2}.Debug|Any CPU.Build.0 = Debug|Any CPU
		{F03A58A0-0DF6-49A2-A46A-8CAD71AE36F2}.Release|Any CPU.ActiveCfg = Release|Any CPU
		{F03A58A0-0DF6-49A2-A46A-8CAD71AE36F2}.Release|Any CPU.Build.0 = Release|Any CPU
	EndGlobalSection
	GlobalSection(SolutionProperties) = preSolution
		HideSolutionNode = FALSE
	EndGlobalSection
	GlobalSection(ExtensibilityGlobals) = postSolution
		SolutionGuid = {6AD72844-9021-4AE0-AA38-E9521E38B5A3}
	EndGlobalSection
EndGlobal
